
Microsoft Visual Studio Solution File, Format Version 12.00
# Visual Studio Version 16
VisualStudioVersion = 16.0.29926.136
MinimumVisualStudioVersion = 10.0.40219.1
Project("{FAE04EC0-301F-11D3-BF4B-00C04F79EFBC}") = "SMS.Android", "SMS\SMS.Android\SMS.Android.csproj", "{08DC3006-BCB0-4FBF-B1BF-7661B3A2DF08}"
EndProject
Project("{FAE04EC0-301F-11D3-BF4B-00C04F79EFBC}") = "SMS.iOS", "SMS\SMS.iOS\SMS.iOS.csproj", "{BEAC6930-6A6B-49C2-9319-52252EB62733}"
EndProject
Project("{FAE04EC0-301F-11D3-BF4B-00C04F79EFBC}") = "SMS", "SMS\SMS\SMS.csproj", "{6FA9D126-619E-4E64-960B-F2C3F7F44B9B}"
EndProject
Global
	GlobalSection(SolutionConfigurationPlatforms) = preSolution
		Debug|Any CPU = Debug|Any CPU
		Debug|iPhone = Debug|iPhone
		Debug|iPhoneSimulator = Debug|iPhoneSimulator
		Release|Any CPU = Release|Any CPU
		Release|iPhone = Release|iPhone
		Release|iPhoneSimulator = Release|iPhoneSimulator
	EndGlobalSection
	GlobalSection(ProjectConfigurationPlatforms) = postSolution
		{08DC3006-BCB0-4FBF-B1BF-7661B3A2DF08}.Debug|Any CPU.ActiveCfg = Debug|Any CPU
		{08DC3006-BCB0-4FBF-B1BF-7661B3A2DF08}.Debug|Any CPU.Build.0 = Debug|Any CPU
		{08DC3006-BCB0-4FBF-B1BF-7661B3A2DF08}.Debug|Any CPU.Deploy.0 = Debug|Any CPU
		{08DC3006-BCB0-4FBF-B1BF-7661B3A2DF08}.Debug|iPhone.ActiveCfg = Debug|Any CPU
		{08DC3006-BCB0-4FBF-B1BF-7661B3A2DF08}.Debug|iPhone.Build.0 = Debug|Any CPU
		{08DC3006-BCB0-4FBF-B1BF-7661B3A2DF08}.Debug|iPhone.Deploy.0 = Debug|Any CPU
		{08DC3006-BCB0-4FBF-B1BF-7661B3A2DF08}.Debug|iPhoneSimulator.ActiveCfg = Debug|Any CPU
		{08DC3006-BCB0-4FBF-B1BF-7661B3A2DF08}.Debug|iPhoneSimulator.Build.0 = Debug|Any CPU
		{08DC3006-BCB0-4FBF-B1BF-7661B3A2DF08}.Debug|iPhoneSimulator.Deploy.0 = Debug|Any CPU
		{08DC3006-BCB0-4FBF-B1BF-7661B3A2DF08}.Release|Any CPU.ActiveCfg = Release|Any CPU
		{08DC3006-BCB0-4FBF-B1BF-7661B3A2DF08}.Release|Any CPU.Build.0 = Release|Any CPU
		{08DC3006-BCB0-4FBF-B1BF-7661B3A2DF08}.Release|Any CPU.Deploy.0 = Release|Any CPU
		{08DC3006-BCB0-4FBF-B1BF-7661B3A2DF08}.Release|iPhone.ActiveCfg = Release|Any CPU
		{08DC3006-BCB0-4FBF-B1BF-7661B3A2DF08}.Release|iPhone.Build.0 = Release|Any CPU
		{08DC3006-BCB0-4FBF-B1BF-7661B3A2DF08}.Release|iPhone.Deploy.0 = Release|Any CPU
		{08DC3006-BCB0-4FBF-B1BF-7661B3A2DF08}.Release|iPhoneSimulator.ActiveCfg = Release|Any CPU
		{08DC3006-BCB0-4FBF-B1BF-7661B3A2DF08}.Release|iPhoneSimulator.Build.0 = Release|Any CPU
		{08DC3006-BCB0-4FBF-B1BF-7661B3A2DF08}.Release|iPhoneSimulator.Deploy.0 = Release|Any CPU
		{BEAC6930-6A6B-49C2-9319-52252EB62733}.Debug|Any CPU.ActiveCfg = Debug|iPhone
		{BEAC6930-6A6B-49C2-9319-52252EB62733}.Debug|Any CPU.Build.0 = Debug|iPhone
		{BEAC6930-6A6B-49C2-9319-52252EB62733}.Debug|Any CPU.Deploy.0 = Debug|iPhone
		{BEAC6930-6A6B-49C2-9319-52252EB62733}.Debug|iPhone.ActiveCfg = Debug|iPhone
		{BEAC6930-6A6B-49C2-9319-52252EB62733}.Debug|iPhone.Build.0 = Debug|iPhone
		{BEAC6930-6A6B-49C2-9319-52252EB62733}.Debug|iPhone.Deploy.0 = Debug|iPhone
		{BEAC6930-6A6B-49C2-9319-52252EB62733}.Debug|iPhoneSimulator.ActiveCfg = Debug|iPhoneSimulator
		{BEAC6930-6A6B-49C2-9319-52252EB62733}.Debug|iPhoneSimulator.Build.0 = Debug|iPhoneSimulator
		{BEAC6930-6A6B-49C2-9319-52252EB62733}.Debug|iPhoneSimulator.Deploy.0 = Debug|iPhoneSimulator
		{BEAC6930-6A6B-49C2-9319-52252EB62733}.Release|Any CPU.ActiveCfg = Release|iPhone
		{BEAC6930-6A6B-49C2-9319-52252EB62733}.Release|Any CPU.Build.0 = Release|iPhone
		{BEAC6930-6A6B-49C2-9319-52252EB62733}.Release|Any CPU.Deploy.0 = Release|iPhone
		{BEAC6930-6A6B-49C2-9319-52252EB62733}.Release|iPhone.ActiveCfg = Release|iPhone
		{BEAC6930-6A6B-49C2-9319-52252EB62733}.Release|iPhone.Build.0 = Release|iPhone
		{BEAC6930-6A6B-49C2-9319-52252EB62733}.Release|iPhone.Deploy.0 = Release|iPhone
		{BEAC6930-6A6B-49C2-9319-52252EB62733}.Release|iPhoneSimulator.ActiveCfg = Release|iPhoneSimulator
		{BEAC6930-6A6B-49C2-9319-52252EB62733}.Release|iPhoneSimulator.Build.0 = Release|iPhoneSimulator
		{BEAC6930-6A6B-49C2-9319-52252EB62733}.Release|iPhoneSimulator.Deploy.0 = Release|iPhoneSimulator
		{6FA9D126-619E-4E64-960B-F2C3F7F44B9B}.Debug|Any CPU.ActiveCfg = Debug|Any CPU
		{6FA9D126-619E-4E64-960B-F2C3F7F44B9B}.Debug|Any CPU.Build.0 = Debug|Any CPU
		{6FA9D126-619E-4E64-960B-F2C3F7F44B9B}.Debug|Any CPU.Deploy.0 = Debug|Any CPU
		{6FA9D126-619E-4E64-960B-F2C3F7F44B9B}.Debug|iPhone.ActiveCfg = Debug|Any CPU
		{6FA9D126-619E-4E64-960B-F2C3F7F44B9B}.Debug|iPhone.Build.0 = Debug|Any CPU
		{6FA9D126-619E-4E64-960B-F2C3F7F44B9B}.Debug|iPhone.Deploy.0 = Debug|Any CPU
		{6FA9D126-619E-4E64-960B-F2C3F7F44B9B}.Debug|iPhoneSimulator.ActiveCfg = Debug|Any CPU
		{6FA9D126-619E-4E64-960B-F2C3F7F44B9B}.Debug|iPhoneSimulator.Build.0 = Debug|Any CPU
		{6FA9D126-619E-4E64-960B-F2C3F7F44B9B}.Debug|iPhoneSimulator.Deploy.0 = Debug|Any CPU
		{6FA9D126-619E-4E64-960B-F2C3F7F44B9B}.Release|Any CPU.ActiveCfg = Release|Any CPU
		{6FA9D126-619E-4E64-960B-F2C3F7F44B9B}.Release|Any CPU.Build.0 = Release|Any CPU
		{6FA9D126-619E-4E64-960B-F2C3F7F44B9B}.Release|Any CPU.Deploy.0 = Release|Any CPU
		{6FA9D126-619E-4E64-960B-F2C3F7F44B9B}.Release|iPhone.ActiveCfg = Release|Any CPU
		{6FA9D126-619E-4E64-960B-F2C3F7F44B9B}.Release|iPhone.Build.0 = Release|Any CPU
		{6FA9D126-619E-4E64-960B-F2C3F7F44B9B}.Release|iPhone.Deploy.0 = Release|Any CPU
		{6FA9D126-619E-4E64-960B-F2C3F7F44B9B}.Release|iPhoneSimulator.ActiveCfg = Release|Any CPU
		{6FA9D126-619E-4E64-960B-F2C3F7F44B9B}.Release|iPhoneSimulator.Build.0 = Release|Any CPU
		{6FA9D126-619E-4E64-960B-F2C3F7F44B9B}.Release|iPhoneSimulator.Deploy.0 = Release|Any CPU
	EndGlobalSection
	GlobalSection(SolutionProperties) = preSolution
		HideSolutionNode = FALSE
	EndGlobalSection
	GlobalSection(ExtensibilityGlobals) = postSolution
		SolutionGuid = {D9DFEB7A-6776-476B-9C59-5548314FE20C}
	EndGlobalSection
EndGlobal
